
Microsoft Visual Studio Solution File, Format Version 12.00
# Visual Studio Version 17
VisualStudioVersion = 17.1.32228.430
MinimumVisualStudioVersion = 10.0.40219.1
Project("{FAE04EC0-301F-11D3-BF4B-00C04F79EFBC}") = "Ödev-3", "Ödev-3\Ödev-3.csproj", "{752093FA-3A3F-4033-8F36-E939E1A8F8D3}"
EndProject
Global
	GlobalSection(SolutionConfigurationPlatforms) = preSolution
		Debug|Any CPU = Debug|Any CPU
		Release|Any CPU = Release|Any CPU
	EndGlobalSection
	GlobalSection(ProjectConfigurationPlatforms) = postSolution
		{752093FA-3A3F-4033-8F36-E939E1A8F8D3}.Debug|Any CPU.ActiveCfg = Debug|Any CPU
		{752093FA-3A3F-4033-8F36-E939E1A8F8D3}.Debug|Any CPU.Build.0 = Debug|Any CPU
		{752093FA-3A3F-4033-8F36-E939E1A8F8D3}.Release|Any CPU.ActiveCfg = Release|Any CPU
		{752093FA-3A3F-4033-8F36-E939E1A8F8D3}.Release|Any CPU.Build.0 = Release|Any CPU
	EndGlobalSection
	GlobalSection(SolutionProperties) = preSolution
		HideSolutionNode = FALSE
	EndGlobalSection
	GlobalSection(ExtensibilityGlobals) = postSolution
		SolutionGuid = {EC24CDDA-9D81-4552-987C-A40E0D378D0A}
	EndGlobalSection
EndGlobal
